<?xml version="1.0" encoding="utf-8"?>
<Project ToolsVersion="4.0" xmlns="http://schemas.microsoft.com/developer/msbuild/2003">
  <Import Project="LVGL.Portable.vcxitems.filters" />
  <Import Project="LVGL.Drivers.vcxitems.filters" />
  <ItemGroup>
    <ClInclude Include="lv_conf.h" />
    <ClInclude Include="lv_drv_conf.h" />
    <ClInclude Include="GUI_main\gui.h" />
  </ItemGroup>
  <ItemGroup>
    <Manifest Include="LVGL.Simulator.manifest" />
  </ItemGroup>
  <ItemGroup>
    <ClInclude Include="Mile.Project.Properties.h" />
    <ClInclude Include="resource.h" />
  </ItemGroup>
  <ItemGroup>
    <ClCompile Include="LVGL.Simulator.cpp" />
    <ClCompile Include="GUI_main\gui.c" />
    <ClCompile Include="GUI_main\font\myFont_one.c" />
    <ClCompile Include="GUI_main\images\xiaoxin.c" />
    <ClCompile Include="GUI_main\images\bear.c" />
    <ClCompile Include="GUI_main\images\weather\weather.c" />
    <ClCompile Include="GUI_main\images\weather\img_blustery.c" />
    <ClCompile Include="GUI_main\images\weather\img_clear.c" />
    <ClCompile Include="GUI_main\images\weather\img_cloudy.c" />
    <ClCompile Include="GUI_main\images\weather\img_cold.c" />
    <ClCompile Include="GUI_main\images\weather\img_dust.c" />
    <ClCompile Include="GUI_main\images\weather\img_duststorm.c" />
    <ClCompile Include="GUI_main\images\weather\img_fair_day.c" />
    <ClCompile Include="GUI_main\images\weather\img_fair_night.c" />
    <ClCompile Include="GUI_main\images\weather\img_foggy.c" />
    <ClCompile Include="GUI_main\images\weather\img_haze.c" />
    <ClCompile Include="GUI_main\images\weather\img_heavy_rain.c" />
    <ClCompile Include="GUI_main\images\weather\img_heavy_snow.c" />
    <ClCompile Include="GUI_main\images\weather\img_heavy_storm.c" />
    <ClCompile Include="GUI_main\images\weather\img_hot.c" />
    <ClCompile Include="GUI_main\images\weather\img_hurricance.c" />
    <ClCompile Include="GUI_main\images\weather\img_ice_rain.c" />
    <ClCompile Include="GUI_main\images\weather\img_light_rain.c" />
    <ClCompile Include="GUI_main\images\weather\img_light_snow.c" />
    <ClCompile Include="GUI_main\images\weather\img_moderate_rain.c" />
    <ClCompile Include="GUI_main\images\weather\img_moderate_snow.c" />
    <ClCompile Include="GUI_main\images\weather\img_mostly_cloudy_day.c" />
    <ClCompile Include="GUI_main\images\weather\img_mostly_cloudy_night.c" />
    <ClCompile Include="GUI_main\images\weather\img_overcast.c" />
    <ClCompile Include="GUI_main\images\weather\img_partly_cloudy_day.c" />
    <ClCompile Include="GUI_main\images\weather\img_partly_cloudy_night.c" />
    <ClCompile Include="GUI_main\images\weather\img_sand.c" />
    <ClCompile Include="GUI_main\images\weather\img_sandstorm.c" />
    <ClCompile Include="GUI_main\images\weather\img_severe_storm.c" />
    <ClCompile Include="GUI_main\images\weather\img_shower.c" />
    <ClCompile Include="GUI_main\images\weather\img_sleet.c" />
    <ClCompile Include="GUI_main\images\weather\img_snow_flurry.c" />
    <ClCompile Include="GUI_main\images\weather\img_snowstorm.c" />
    <ClCompile Include="GUI_main\images\weather\img_sunny.c" />
    <ClCompile Include="GUI_main\images\weather\img_storm.c" />
    <ClCompile Include="GUI_main\images\weather\img_thundershower.c" />
    <ClCompile Include="GUI_main\images\weather\img_thundershower_with_hail.c" />
    <ClCompile Include="GUI_main\images\weather\img_tornado.c" />
    <ClCompile Include="GUI_main\images\weather\img_tropical_storm.c" />
    <ClCompile Include="GUI_main\images\weather\img_unknown.c" />
    <ClCompile Include="GUI_main\images\weather\img_windy.c" />
  </ItemGroup>
  <ItemGroup>
    <ResourceCompile Include="LVGL.Simulator.rc" />
  </ItemGroup>
  <ItemGroup>
    <Image Include="LVGL.ico" />
  </ItemGroup>
  <ItemGroup>
    <None Include="freetype.props" />
  </ItemGroup>
  <ItemGroup>
    <Text Include="GUI_main\字库.txt" />
  </ItemGroup>
</Project>